
Microsoft Visual Studio Solution File, Format Version 12.00
# Visual Studio Version 16
VisualStudioVersion = 16.0.29709.97
MinimumVisualStudioVersion = 10.0.40219.1
Project("{FAE04EC0-301F-11D3-BF4B-00C04F79EFBC}") = "Dot.Versioning", "Dot.Versioning\Dot.Versioning.csproj", "{9A1C0A25-A071-4F68-ACD9-965A66614B6C}"
EndProject
Project("{9A19103F-16F7-4668-BE54-9A1E7A4F7556}") = "Dot.Versioning.Sample", "Dot.Versioning.Sample\Dot.Versioning.Sample.csproj", "{6B5C7B0D-1095-453E-9136-2255F1E85927}"
EndProject
Global
	GlobalSection(SolutionConfigurationPlatforms) = preSolution
		Debug|Any CPU = Debug|Any CPU
		Release|Any CPU = Release|Any CPU
	EndGlobalSection
	GlobalSection(ProjectConfigurationPlatforms) = postSolution
		{9A1C0A25-A071-4F68-ACD9-965A66614B6C}.Debug|Any CPU.ActiveCfg = Debug|Any CPU
		{9A1C0A25-A071-4F68-ACD9-965A66614B6C}.Debug|Any CPU.Build.0 = Debug|Any CPU
		{9A1C0A25-A071-4F68-ACD9-965A66614B6C}.Release|Any CPU.ActiveCfg = Release|Any CPU
		{9A1C0A25-A071-4F68-ACD9-965A66614B6C}.Release|Any CPU.Build.0 = Release|Any CPU
		{6B5C7B0D-1095-453E-9136-2255F1E85927}.Debug|Any CPU.ActiveCfg = Debug|Any CPU
		{6B5C7B0D-1095-453E-9136-2255F1E85927}.Debug|Any CPU.Build.0 = Debug|Any CPU
		{6B5C7B0D-1095-453E-9136-2255F1E85927}.Release|Any CPU.ActiveCfg = Release|Any CPU
		{6B5C7B0D-1095-453E-9136-2255F1E85927}.Release|Any CPU.Build.0 = Release|Any CPU
	EndGlobalSection
	GlobalSection(SolutionProperties) = preSolution
		HideSolutionNode = FALSE
	EndGlobalSection
	GlobalSection(ExtensibilityGlobals) = postSolution
		SolutionGuid = {5A0AE065-14DA-46FE-8E4E-89BC357D9697}
	EndGlobalSection
EndGlobal
